// !$*UTF8*$!
{
	archiveVersion = 1;
	classes = {
	};
	objectVersion = 77;
	objects = {

/* Begin PBXContainerItemProxy section */
		58D201F32CFDCAB40077090D /* PBXContainerItemProxy */ = {
			isa = PBXContainerItemProxy;
			containerPortal = 58D201DA2CFDCAB20077090D /* Project object */;
			proxyType = 1;
			remoteGlobalIDString = 58D201E12CFDCAB20077090D;
			remoteInfo = YourDoctor;
		};
		58D201FD2CFDCAB40077090D /* PBXContainerItemProxy */ = {
			isa = PBXContainerItemProxy;
			containerPortal = 58D201DA2CFDCAB20077090D /* Project object */;
			proxyType = 1;
			remoteGlobalIDString = 58D201E12CFDCAB20077090D;
			remoteInfo = YourDoctor;
		};
/* End PBXContainerItemProxy section */

/* Begin PBXFileReference section */
		58D201E22CFDCAB20077090D /* YourDoctor.app */ = {isa = PBXFileReference; explicitFileType = wrapper.application; includeInIndex = 0; path = YourDoctor.app; sourceTree = BUILT_PRODUCTS_DIR; };
		58D201F22CFDCAB40077090D /* YourDoctorTests.xctest */ = {isa = PBXFileReference; explicitFileType = wrapper.cfbundle; includeInIndex = 0; path = YourDoctorTests.xctest; sourceTree = BUILT_PRODUCTS_DIR; };
		58D201FC2CFDCAB40077090D /* YourDoctorUITests.xctest */ = {isa = PBXFileReference; explicitFileType = wrapper.cfbundle; includeInIndex = 0; path = YourDoctorUITests.xctest; sourceTree = BUILT_PRODUCTS_DIR; };
/* End PBXFileReference section */

/* Begin PBXFileSystemSynchronizedRootGroup section */
		58D201E42CFDCAB20077090D /* YourDoctor */ = {
			isa = PBXFileSystemSynchronizedRootGroup;
			path = YourDoctor;
			sourceTree = "<group>";
		};
		58D201F52CFDCAB40077090D /* YourDoctorTests */ = {
			isa = PBXFileSystemSynchronizedRootGroup;
			path = YourDoctorTests;
			sourceTree = "<group>";
		};
		58D201FF2CFDCAB40077090D /* YourDoctorUITests */ = {
			isa = PBXFileSystemSynchronizedRootGroup;
			path = YourDoctorUITests;
			sourceTree = "<group>";
		};
/* End PBXFileSystemSynchronizedRootGroup section */

/* Begin PBXFrameworksBuildPhase section */
		58D201DF2CFDCAB20077090D /* Frameworks */ = {
			isa = PBXFrameworksBuildPhase;
			buildActionMask = 2147483647;
			files = (
			);
			runOnlyForDeploymentPostprocessing = 0;
		};
		58D201EF2CFDCAB40077090D /* Frameworks */ = {
			isa = PBXFrameworksBuildPhase;
			buildActionMask = 2147483647;
			files = (
			);
			runOnlyForDeploymentPostprocessing = 0;
		};
		58D201F92CFDCAB40077090D /* Frameworks */ = {
			isa = PBXFrameworksBuildPhase;
			buildActionMask = 2147483647;
			files = (
			);
			runOnlyForDeploymentPostprocessing = 0;
		};
/* End PBXFrameworksBuildPhase section */

/* Begin PBXGroup section */
		58D201D92CFDCAB20077090D = {
			isa = PBXGroup;
			children = (
				58D201E42CFDCAB20077090D /* YourDoctor */,
				58D201F52CFDCAB40077090D /* YourDoctorTests */,
				58D201FF2CFDCAB40077090D /* YourDoctorUITests */,
				58D201E32CFDCAB20077090D /* Products */,
			);
			sourceTree = "<group>";
		};
		58D201E32CFDCAB20077090D /* Products */ = {
			isa = PBXGroup;
			children = (
				58D201E22CFDCAB20077090D /* YourDoctor.app */,
				58D201F22CFDCAB40077090D /* YourDoctorTests.xctest */,
				58D201FC2CFDCAB40077090D /* YourDoctorUITests.xctest */,
			);
			name = Products;
			sourceTree = "<group>";
		};
/* End PBXGroup section */

/* Begin PBXNativeTarget section */
		58D201E12CFDCAB20077090D /* YourDoctor */ = {
			isa = PBXNativeTarget;
			buildConfigurationList = 58D202062CFDCAB40077090D /* Build configuration list for PBXNativeTarget "YourDoctor" */;
			buildPhases = (
				58D201DE2CFDCAB20077090D /* Sources */,
				58D201DF2CFDCAB20077090D /* Frameworks */,
				58D201E02CFDCAB20077090D /* Resources */,
			);
			buildRules = (
			);
			dependencies = (
			);
			fileSystemSynchronizedGroups = (
				58D201E42CFDCAB20077090D /* YourDoctor */,
			);
			name = YourDoctor;
			packageProductDependencies = (
			);
			productName = YourDoctor;
			productReference = 58D201E22CFDCAB20077090D /* YourDoctor.app */;
			productType = "com.apple.product-type.application";
		};
		58D201F12CFDCAB40077090D /* YourDoctorTests */ = {
			isa = PBXNativeTarget;
			buildConfigurationList = 58D202092CFDCAB40077090D /* Build configuration list for PBXNativeTarget "YourDoctorTests" */;
			buildPhases = (
				58D201EE2CFDCAB40077090D /* Sources */,
				58D201EF2CFDCAB40077090D /* Frameworks */,
				58D201F02CFDCAB40077090D /* Resources */,
			);
			buildRules = (
			);
			dependencies = (
				58D201F42CFDCAB40077090D /* PBXTargetDependency */,
			);
			fileSystemSynchronizedGroups = (
				58D201F52CFDCAB40077090D /* YourDoctorTests */,
			);
			name = YourDoctorTests;
			packageProductDependencies = (
			);
			productName = YourDoctorTests;
			productReference = 58D201F22CFDCAB40077090D /* YourDoctorTests.xctest */;
			productType = "com.apple.product-type.bundle.unit-test";
		};
		58D201FB2CFDCAB40077090D /* YourDoctorUITests */ = {
			isa = PBXNativeTarget;
			buildConfigurationList = 58D2020C2CFDCAB40077090D /* Build configuration list for PBXNativeTarget "YourDoctorUITests" */;
			buildPhases = (
				58D201F82CFDCAB40077090D /* Sources */,
				58D201F92CFDCAB40077090D /* Frameworks */,
				58D201FA2CFDCAB40077090D /* Resources */,
			);
			buildRules = (
			);
			dependencies = (
				58D201FE2CFDCAB40077090D /* PBXTargetDependency */,
			);
			fileSystemSynchronizedGroups = (
				58D201FF2CFDCAB40077090D /* YourDoctorUITests */,
			);
			name = YourDoctorUITests;
			packageProductDependencies = (
			);
			productName = YourDoctorUITests;
			productReference = 58D201FC2CFDCAB40077090D /* YourDoctorUITests.xctest */;
			productType = "com.apple.product-type.bundle.ui-testing";
		};
/* End PBXNativeTarget section */

/* Begin PBXProject section */
		58D201DA2CFDCAB20077090D /* Project object */ = {
			isa = PBXProject;
			attributes = {
				BuildIndependentTargetsInParallel = 1;
				LastSwiftUpdateCheck = 1600;
				LastUpgradeCheck = 1600;
				TargetAttributes = {
					58D201E12CFDCAB20077090D = {
						CreatedOnToolsVersion = 16.0;
					};
					58D201F12CFDCAB40077090D = {
						CreatedOnToolsVersion = 16.0;
						TestTargetID = 58D201E12CFDCAB20077090D;
					};
					58D201FB2CFDCAB40077090D = {
						CreatedOnToolsVersion = 16.0;
						TestTargetID = 58D201E12CFDCAB20077090D;
					};
				};
			};
			buildConfigurationList = 58D201DD2CFDCAB20077090D /* Build configuration list for PBXProject "YourDoctor" */;
			developmentRegion = en;
			hasScannedForEncodings = 0;
			knownRegions = (
				en,
				Base,
			);
			mainGroup = 58D201D92CFDCAB20077090D;
			minimizedProjectReferenceProxies = 1;
			preferredProjectObjectVersion = 77;
			productRefGroup = 58D201E32CFDCAB20077090D /* Products */;
			projectDirPath = "";
			projectRoot = "";
			targets = (
				58D201E12CFDCAB20077090D /* YourDoctor */,
				58D201F12CFDCAB40077090D /* YourDoctorTests */,
				58D201FB2CFDCAB40077090D /* YourDoctorUITests */,
			);
		};
/* End PBXProject section */

/* Begin PBXResourcesBuildPhase section */
		58D201E02CFDCAB20077090D /* Resources */ = {
			isa = PBXResourcesBuildPhase;
			buildActionMask = 2147483647;
			files = (
			);
			runOnlyForDeploymentPostprocessing = 0;
		};
		58D201F02CFDCAB40077090D /* Resources */ = {
			isa = PBXResourcesBuildPhase;
			buildActionMask = 2147483647;
			files = (
			);
			runOnlyForDeploymentPostprocessing = 0;
		};
		58D201FA2CFDCAB40077090D /* Resources */ = {
			isa = PBXResourcesBuildPhase;
			buildActionMask = 2147483647;
			files = (
			);
			runOnlyForDeploymentPostprocessing = 0;
		};
/* End PBXResourcesBuildPhase section */

/* Begin PBXSourcesBuildPhase section */
		58D201DE2CFDCAB20077090D /* Sources */ = {
			isa = PBXSourcesBuildPhase;
			buildActionMask = 2147483647;
			files = (
			);
			runOnlyForDeploymentPostprocessing = 0;
		};
		58D201EE2CFDCAB40077090D /* Sources */ = {
			isa = PBXSourcesBuildPhase;
			buildActionMask = 2147483647;
			files = (
			);
			runOnlyForDeploymentPostprocessing = 0;
		};
		58D201F82CFDCAB40077090D /* Sources */ = {
			isa = PBXSourcesBuildPhase;
			buildActionMask = 2147483647;
			files = (
			);
			runOnlyForDeploymentPostprocessing = 0;
		};
/* End PBXSourcesBuildPhase section */

/* Begin PBXTargetDependency section */
		58D201F42CFDCAB40077090D /* PBXTargetDependency */ = {
			isa = PBXTargetDependency;
			target = 58D201E12CFDCAB20077090D /* YourDoctor */;
			targetProxy = 58D201F32CFDCAB40077090D /* PBXContainerItemProxy */;
		};
		58D201FE2CFDCAB40077090D /* PBXTargetDependency */ = {
			isa = PBXTargetDependency;
			target = 58D201E12CFDCAB20077090D /* YourDoctor */;
			targetProxy = 58D201FD2CFDCAB40077090D /* PBXContainerItemProxy */;
		};
/* End PBXTargetDependency section */

/* Begin XCBuildConfiguration section */
		58D202042CFDCAB40077090D /* Debug */ = {
			isa = XCBuildConfiguration;
			buildSettings = {
				ALWAYS_SEARCH_USER_PATHS = NO;
				ASSETCATALOG_COMPILER_GENERATE_SWIFT_ASSET_SYMBOL_EXTENSIONS = YES;
				CLANG_ANALYZER_NONNULL = YES;
				CLANG_ANALYZER_NUMBER_OBJECT_CONVERSION = YES_AGGRESSIVE;
				CLANG_CXX_LANGUAGE_STANDARD = "gnu++20";
				CLANG_ENABLE_MODULES = YES;
				CLANG_ENABLE_OBJC_ARC = YES;
				CLANG_ENABLE_OBJC_WEAK = YES;
				CLANG_WARN_BLOCK_CAPTURE_AUTORELEASING = YES;
				CLANG_WARN_BOOL_CONVERSION = YES;
				CLANG_WARN_COMMA = YES;
				CLANG_WARN_CONSTANT_CONVERSION = YES;
				CLANG_WARN_DEPRECATED_OBJC_IMPLEMENTATIONS = YES;
				CLANG_WARN_DIRECT_OBJC_ISA_USAGE = YES_ERROR;
				CLANG_WARN_DOCUMENTATION_COMMENTS = YES;
				CLANG_WARN_EMPTY_BODY = YES;
				CLANG_WARN_ENUM_CONVERSION = YES;
				CLANG_WARN_INFINITE_RECURSION = YES;
				CLANG_WARN_INT_CONVERSION = YES;
				CLANG_WARN_NON_LITERAL_NULL_CONVERSION = YES;
				CLANG_WARN_OBJC_IMPLICIT_RETAIN_SELF = YES;
				CLANG_WARN_OBJC_LITERAL_CONVERSION = YES;
				CLANG_WARN_OBJC_ROOT_CLASS = YES_ERROR;
				CLANG_WARN_QUOTED_INCLUDE_IN_FRAMEWORK_HEADER = YES;
				CLANG_WARN_RANGE_LOOP_ANALYSIS = YES;
				CLANG_WARN_STRICT_PROTOTYPES = YES;
				CLANG_WARN_SUSPICIOUS_MOVE = YES;
				CLANG_WARN_UNGUARDED_AVAILABILITY = YES_AGGRESSIVE;
				CLANG_WARN_UNREACHABLE_CODE = YES;
				CLANG_WARN__DUPLICATE_METHOD_MATCH = YES;
				COPY_PHASE_STRIP = NO;
				DEBUG_INFORMATION_FORMAT = dwarf;
				ENABLE_STRICT_OBJC_MSGSEND = YES;
				ENABLE_TESTABILITY = YES;
				ENABLE_USER_SCRIPT_SANDBOXING = YES;
				GCC_C_LANGUAGE_STANDARD = gnu17;
				GCC_DYNAMIC_NO_PIC = NO;
				GCC_NO_COMMON_BLOCKS = YES;
				GCC_OPTIMIZATION_LEVEL = 0;
				GCC_PREPROCESSOR_DEFINITIONS = (
					"DEBUG=1",
					"$(inherited)",
				);
				GCC_WARN_64_TO_32_BIT_CONVERSION = YES;
				GCC_WARN_ABOUT_RETURN_TYPE = YES_ERROR;
				GCC_WARN_UNDECLARED_SELECTOR = YES;
				GCC_WARN_UNINITIALIZED_AUTOS = YES_AGGRESSIVE;
				GCC_WARN_UNUSED_FUNCTION = YES;
				GCC_WARN_UNUSED_VARIABLE = YES;
				IPHONEOS_DEPLOYMENT_TARGET = 18.0;
				LOCALIZATION_PREFERS_STRING_CATALOGS = YES;
				MTL_ENABLE_DEBUG_INFO = INCLUDE_SOURCE;
				MTL_FAST_MATH = YES;
				ONLY_ACTIVE_ARCH = YES;
				SDKROOT = iphoneos;
				SWIFT_ACTIVE_COMPILATION_CONDITIONS = "DEBUG $(inherited)";
				SWIFT_OPTIMIZATION_LEVEL = "-Onone";
			};
			name = Debug;
		};
		58D202052CFDCAB40077090D /* Release */ = {
			isa = XCBuildConfiguration;
			buildSettings = {
				ALWAYS_SEARCH_USER_PATHS = NO;
				ASSETCATALOG_COMPILER_GENERATE_SWIFT_ASSET_SYMBOL_EXTENSIONS = YES;
				CLANG_ANALYZER_NONNULL = YES;
				CLANG_ANALYZER_NUMBER_OBJECT_CONVERSION = YES_AGGRESSIVE;
				CLANG_CXX_LANGUAGE_STANDARD = "gnu++20";
				CLANG_ENABLE_MODULES = YES;
				CLANG_ENABLE_OBJC_ARC = YES;
				CLANG_ENABLE_OBJC_WEAK = YES;
				CLANG_WARN_BLOCK_CAPTURE_AUTORELEASING = YES;
				CLANG_WARN_BOOL_CONVERSION = YES;
				CLANG_WARN_COMMA = YES;
				CLANG_WARN_CONSTANT_CONVERSION = YES;
				CLANG_WARN_DEPRECATED_OBJC_IMPLEMENTATIONS = YES;
				CLANG_WARN_DIRECT_OBJC_ISA_USAGE = YES_ERROR;
				CLANG_WARN_DOCUMENTATION_COMMENTS = YES;
				CLANG_WARN_EMPTY_BODY = YES;
				CLANG_WARN_ENUM_CONVERSION = YES;
				CLANG_WARN_INFINITE_RECURSION = YES;
				CLANG_WARN_INT_CONVERSION = YES;
				CLANG_WARN_NON_LITERAL_NULL_CONVERSION = YES;
				CLANG_WARN_OBJC_IMPLICIT_RETAIN_SELF = YES;
				CLANG_WARN_OBJC_LITERAL_CONVERSION = YES;
				CLANG_WARN_OBJC_ROOT_CLASS = YES_ERROR;
				CLANG_WARN_QUOTED_INCLUDE_IN_FRAMEWORK_HEADER = YES;
				CLANG_WARN_RANGE_LOOP_ANALYSIS = YES;
				CLANG_WARN_STRICT_PROTOTYPES = YES;
				CLANG_WARN_SUSPICIOUS_MOVE = YES;
				CLANG_WARN_UNGUARDED_AVAILABILITY = YES_AGGRESSIVE;
				CLANG_WARN_UNREACHABLE_CODE = YES;
				CLANG_WARN__DUPLICATE_METHOD_MATCH = YES;
				COPY_PHASE_STRIP = NO;
				DEBUG_INFORMATION_FORMAT = "dwarf-with-dsym";
				ENABLE_NS_ASSERTIONS = NO;
				ENABLE_STRICT_OBJC_MSGSEND = YES;
				ENABLE_USER_SCRIPT_SANDBOXING = YES;
				GCC_C_LANGUAGE_STANDARD = gnu17;
				GCC_NO_COMMON_BLOCKS = YES;
				GCC_WARN_64_TO_32_BIT_CONVERSION = YES;
				GCC_WARN_ABOUT_RETURN_TYPE = YES_ERROR;
				GCC_WARN_UNDECLARED_SELECTOR = YES;
				GCC_WARN_UNINITIALIZED_AUTOS = YES_AGGRESSIVE;
				GCC_WARN_UNUSED_FUNCTION = YES;
				GCC_WARN_UNUSED_VARIABLE = YES;
				IPHONEOS_DEPLOYMENT_TARGET = 18.0;
				LOCALIZATION_PREFERS_STRING_CATALOGS = YES;
				MTL_ENABLE_DEBUG_INFO = NO;
				MTL_FAST_MATH = YES;
				SDKROOT = iphoneos;
				SWIFT_COMPILATION_MODE = wholemodule;
				VALIDATE_PRODUCT = YES;
			};
			name = Release;
		};
		58D202072CFDCAB40077090D /* Debug */ = {
			isa = XCBuildConfiguration;
			buildSettings = {
				ASSETCATALOG_COMPILER_APPICON_NAME = AppIcon;
				ASSETCATALOG_COMPILER_GLOBAL_ACCENT_COLOR_NAME = AccentColor;
				CODE_SIGN_STYLE = Automatic;
				CURRENT_PROJECT_VERSION = 1;
				DEVELOPMENT_ASSET_PATHS = "\"YourDoctor/Preview Content\"";
				DEVELOPMENT_TEAM = CA34KJ8L94;
				ENABLE_PREVIEWS = YES;
				GENERATE_INFOPLIST_FILE = YES;
				INFOPLIST_KEY_UIApplicationSceneManifest_Generation = YES;
				INFOPLIST_KEY_UIApplicationSupportsIndirectInputEvents = YES;
				INFOPLIST_KEY_UILaunchScreen_Generation = YES;
				INFOPLIST_KEY_UISupportedInterfaceOrientations_iPad = "UIInterfaceOrientationPortrait UIInterfaceOrientationPortraitUpsideDown UIInterfaceOrientationLandscapeLeft UIInterfaceOrientationLandscapeRight";
				INFOPLIST_KEY_UISupportedInterfaceOrientations_iPhone = "UIInterfaceOrientationPortrait UIInterfaceOrientationLandscapeLeft UIInterfaceOrientationLandscapeRight";
				LD_RUNPATH_SEARCH_PATHS = (
					"$(inherited)",
					"@executable_path/Frameworks",
				);
				MARKETING_VERSION = 1.0;
				PRODUCT_BUNDLE_IDENTIFIER = ru.FaNtast.practicum.YourDoctor;
				PRODUCT_NAME = "$(TARGET_NAME)";
				SWIFT_EMIT_LOC_STRINGS = YES;
				SWIFT_VERSION = 5.0;
				TARGETED_DEVICE_FAMILY = "1,2";
			};
			name = Debug;
		};
		58D202082CFDCAB40077090D /* Release */ = {
			isa = XCBuildConfiguration;
			buildSettings = {
				ASSETCATALOG_COMPILER_APPICON_NAME = AppIcon;
				ASSETCATALOG_COMPILER_GLOBAL_ACCENT_COLOR_NAME = AccentColor;
				CODE_SIGN_STYLE = Automatic;
				CURRENT_PROJECT_VERSION = 1;
				DEVELOPMENT_ASSET_PATHS = "\"YourDoctor/Preview Content\"";
				DEVELOPMENT_TEAM = CA34KJ8L94;
				ENABLE_PREVIEWS = YES;
				GENERATE_INFOPLIST_FILE = YES;
				INFOPLIST_KEY_UIApplicationSceneManifest_Generation = YES;
				INFOPLIST_KEY_UIApplicationSupportsIndirectInputEvents = YES;
				INFOPLIST_KEY_UILaunchScreen_Generation = YES;
				INFOPLIST_KEY_UISupportedInterfaceOrientations_iPad = "UIInterfaceOrientationPortrait UIInterfaceOrientationPortraitUpsideDown UIInterfaceOrientationLandscapeLeft UIInterfaceOrientationLandscapeRight";
				INFOPLIST_KEY_UISupportedInterfaceOrientations_iPhone = "UIInterfaceOrientationPortrait UIInterfaceOrientationLandscapeLeft UIInterfaceOrientationLandscapeRight";
				LD_RUNPATH_SEARCH_PATHS = (
					"$(inherited)",
					"@executable_path/Frameworks",
				);
				MARKETING_VERSION = 1.0;
				PRODUCT_BUNDLE_IDENTIFIER = ru.FaNtast.practicum.YourDoctor;
				PRODUCT_NAME = "$(TARGET_NAME)";
				SWIFT_EMIT_LOC_STRINGS = YES;
				SWIFT_VERSION = 5.0;
				TARGETED_DEVICE_FAMILY = "1,2";
			};
			name = Release;
		};
		58D2020A2CFDCAB40077090D /* Debug */ = {
			isa = XCBuildConfiguration;
			buildSettings = {
				BUNDLE_LOADER = "$(TEST_HOST)";
				CODE_SIGN_STYLE = Automatic;
				CURRENT_PROJECT_VERSION = 1;
				DEVELOPMENT_TEAM = CA34KJ8L94;
				GENERATE_INFOPLIST_FILE = YES;
				IPHONEOS_DEPLOYMENT_TARGET = 18.0;
				MARKETING_VERSION = 1.0;
				PRODUCT_BUNDLE_IDENTIFIER = ru.FaNtast.practicum.YourDoctorTests;
				PRODUCT_NAME = "$(TARGET_NAME)";
				SWIFT_EMIT_LOC_STRINGS = NO;
				SWIFT_VERSION = 5.0;
				TARGETED_DEVICE_FAMILY = "1,2";
				TEST_HOST = "$(BUILT_PRODUCTS_DIR)/YourDoctor.app/$(BUNDLE_EXECUTABLE_FOLDER_PATH)/YourDoctor";
			};
			name = Debug;
		};
		58D2020B2CFDCAB40077090D /* Release */ = {
			isa = XCBuildConfiguration;
			buildSettings = {
				BUNDLE_LOADER = "$(TEST_HOST)";
				CODE_SIGN_STYLE = Automatic;
				CURRENT_PROJECT_VERSION = 1;
				DEVELOPMENT_TEAM = CA34KJ8L94;
				GENERATE_INFOPLIST_FILE = YES;
				IPHONEOS_DEPLOYMENT_TARGET = 18.0;
				MARKETING_VERSION = 1.0;
				PRODUCT_BUNDLE_IDENTIFIER = ru.FaNtast.practicum.YourDoctorTests;
				PRODUCT_NAME = "$(TARGET_NAME)";
				SWIFT_EMIT_LOC_STRINGS = NO;
				SWIFT_VERSION = 5.0;
				TARGETED_DEVICE_FAMILY = "1,2";
				TEST_HOST = "$(BUILT_PRODUCTS_DIR)/YourDoctor.app/$(BUNDLE_EXECUTABLE_FOLDER_PATH)/YourDoctor";
			};
			name = Release;
		};
		58D2020D2CFDCAB40077090D /* Debug */ = {
			isa = XCBuildConfiguration;
			buildSettings = {
				CODE_SIGN_STYLE = Automatic;
				CURRENT_PROJECT_VERSION = 1;
				DEVELOPMENT_TEAM = CA34KJ8L94;
				GENERATE_INFOPLIST_FILE = YES;
				MARKETING_VERSION = 1.0;
				PRODUCT_BUNDLE_IDENTIFIER = ru.FaNtast.practicum.YourDoctorUITests;
				PRODUCT_NAME = "$(TARGET_NAME)";
				SWIFT_EMIT_LOC_STRINGS = NO;
				SWIFT_VERSION = 5.0;
				TARGETED_DEVICE_FAMILY = "1,2";
				TEST_TARGET_NAME = YourDoctor;
			};
			name = Debug;
		};
		58D2020E2CFDCAB40077090D /* Release */ = {
			isa = XCBuildConfiguration;
			buildSettings = {
				CODE_SIGN_STYLE = Automatic;
				CURRENT_PROJECT_VERSION = 1;
				DEVELOPMENT_TEAM = CA34KJ8L94;
				GENERATE_INFOPLIST_FILE = YES;
				MARKETING_VERSION = 1.0;
				PRODUCT_BUNDLE_IDENTIFIER = ru.FaNtast.practicum.YourDoctorUITests;
				PRODUCT_NAME = "$(TARGET_NAME)";
				SWIFT_EMIT_LOC_STRINGS = NO;
				SWIFT_VERSION = 5.0;
				TARGETED_DEVICE_FAMILY = "1,2";
				TEST_TARGET_NAME = YourDoctor;
			};
			name = Release;
		};
/* End XCBuildConfiguration section */

/* Begin XCConfigurationList section */
		58D201DD2CFDCAB20077090D /* Build configuration list for PBXProject "YourDoctor" */ = {
			isa = XCConfigurationList;
			buildConfigurations = (
				58D202042CFDCAB40077090D /* Debug */,
				58D202052CFDCAB40077090D /* Release */,
			);
			defaultConfigurationIsVisible = 0;
			defaultConfigurationName = Release;
		};
		58D202062CFDCAB40077090D /* Build configuration list for PBXNativeTarget "YourDoctor" */ = {
			isa = XCConfigurationList;
			buildConfigurations = (
				58D202072CFDCAB40077090D /* Debug */,
				58D202082CFDCAB40077090D /* Release */,
			);
			defaultConfigurationIsVisible = 0;
			defaultConfigurationName = Release;
		};
		58D202092CFDCAB40077090D /* Build configuration list for PBXNativeTarget "YourDoctorTests" */ = {
			isa = XCConfigurationList;
			buildConfigurations = (
				58D2020A2CFDCAB40077090D /* Debug */,
				58D2020B2CFDCAB40077090D /* Release */,
			);
			defaultConfigurationIsVisible = 0;
			defaultConfigurationName = Release;
		};
		58D2020C2CFDCAB40077090D /* Build configuration list for PBXNativeTarget "YourDoctorUITests" */ = {
			isa = XCConfigurationList;
			buildConfigurations = (
				58D2020D2CFDCAB40077090D /* Debug */,
				58D2020E2CFDCAB40077090D /* Release */,
			);
			defaultConfigurationIsVisible = 0;
			defaultConfigurationName = Release;
		};
/* End XCConfigurationList section */
	};
	rootObject = 58D201DA2CFDCAB20077090D /* Project object */;
}
